// !$*UTF8*$!
{
	archiveVersion = 1;
	classes = {
	};
	objectVersion = 46;
	objects = {

/* Begin PBXBuildFile section */
		DF1BE43E1D9CB5F800008BB8 /* STViewController.m in Sources */ = {isa = PBXBuildFile; fileRef = DF1BE43D1D9CB5F800008BB8 /* STViewController.m */; };
		DF1BE4411D9CC11100008BB8 /* STShopView.m in Sources */ = {isa = PBXBuildFile; fileRef = DF1BE4401D9CC11100008BB8 /* STShopView.m */; };
		DF5866EE1D71E02300D052DD /* main.m in Sources */ = {isa = PBXBuildFile; fileRef = DF5866ED1D71E02300D052DD /* main.m */; };
		DF5866F11D71E02300D052DD /* AppDelegate.m in Sources */ = {isa = PBXBuildFile; fileRef = DF5866F01D71E02300D052DD /* AppDelegate.m */; };
		DF5866F71D71E02300D052DD /* Main.storyboard in Resources */ = {isa = PBXBuildFile; fileRef = DF5866F51D71E02300D052DD /* Main.storyboard */; };
		DF5866F91D71E02300D052DD /* Assets.xcassets in Resources */ = {isa = PBXBuildFile; fileRef = DF5866F81D71E02300D052DD /* Assets.xcassets */; };
		DF5866FC1D71E02300D052DD /* LaunchScreen.storyboard in Resources */ = {isa = PBXBuildFile; fileRef = DF5866FA1D71E02300D052DD /* LaunchScreen.storyboard */; };
/* End PBXBuildFile section */

/* Begin PBXFileReference section */
		DF1BE43C1D9CB5F800008BB8 /* STViewController.h */ = {isa = PBXFileReference; fileEncoding = 4; lastKnownFileType = sourcecode.c.h; path = STViewController.h; sourceTree = "<group>"; };
		DF1BE43D1D9CB5F800008BB8 /* STViewController.m */ = {isa = PBXFileReference; fileEncoding = 4; lastKnownFileType = sourcecode.c.objc; path = STViewController.m; sourceTree = "<group>"; };
		DF1BE43F1D9CC11100008BB8 /* STShopView.h */ = {isa = PBXFileReference; fileEncoding = 4; lastKnownFileType = sourcecode.c.h; path = STShopView.h; sourceTree = "<group>"; };
		DF1BE4401D9CC11100008BB8 /* STShopView.m */ = {isa = PBXFileReference; fileEncoding = 4; lastKnownFileType = sourcecode.c.objc; path = STShopView.m; sourceTree = "<group>"; };
		DF5866E91D71E02300D052DD /* tomCat.app */ = {isa = PBXFileReference; explicitFileType = wrapper.application; includeInIndex = 0; path = tomCat.app; sourceTree = BUILT_PRODUCTS_DIR; };
		DF5866ED1D71E02300D052DD /* main.m */ = {isa = PBXFileReference; lastKnownFileType = sourcecode.c.objc; path = main.m; sourceTree = "<group>"; };
		DF5866EF1D71E02300D052DD /* AppDelegate.h */ = {isa = PBXFileReference; lastKnownFileType = sourcecode.c.h; path = AppDelegate.h; sourceTree = "<group>"; };
		DF5866F01D71E02300D052DD /* AppDelegate.m */ = {isa = PBXFileReference; lastKnownFileType = sourcecode.c.objc; path = AppDelegate.m; sourceTree = "<group>"; };
		DF5866F61D71E02300D052DD /* Base */ = {isa = PBXFileReference; lastKnownFileType = file.storyboard; name = Base; path = Base.lproj/Main.storyboard; sourceTree = "<group>"; };
		DF5866F81D71E02300D052DD /* Assets.xcassets */ = {isa = PBXFileReference; lastKnownFileType = folder.assetcatalog; path = Assets.xcassets; sourceTree = "<group>"; };
		DF5866FB1D71E02300D052DD /* Base */ = {isa = PBXFileReference; lastKnownFileType = file.storyboard; name = Base; path = Base.lproj/LaunchScreen.storyboard; sourceTree = "<group>"; };
		DF5866FD1D71E02300D052DD /* Info.plist */ = {isa = PBXFileReference; lastKnownFileType = text.plist.xml; path = Info.plist; sourceTree = "<group>"; };
/* End PBXFileReference section */

/* Begin PBXFrameworksBuildPhase section */
		DF5866E61D71E02300D052DD /* Frameworks */ = {
			isa = PBXFrameworksBuildPhase;
			buildActionMask = 2147483647;
			files = (
			);
			runOnlyForDeploymentPostprocessing = 0;
		};
/* End PBXFrameworksBuildPhase section */

/* Begin PBXGroup section */
		DF5866E01D71E02300D052DD = {
			isa = PBXGroup;
			children = (
				DF5866EB1D71E02300D052DD /* tomCat */,
				DF5866EA1D71E02300D052DD /* Products */,
			);
			sourceTree = "<group>";
		};
		DF5866EA1D71E02300D052DD /* Products */ = {
			isa = PBXGroup;
			children = (
				DF5866E91D71E02300D052DD /* tomCat.app */,
			);
			name = Products;
			sourceTree = "<group>";
		};
		DF5866EB1D71E02300D052DD /* tomCat */ = {
			isa = PBXGroup;
			children = (
				DF5866EF1D71E02300D052DD /* AppDelegate.h */,
				DF5866F01D71E02300D052DD /* AppDelegate.m */,
				DF1BE43C1D9CB5F800008BB8 /* STViewController.h */,
				DF1BE43D1D9CB5F800008BB8 /* STViewController.m */,
				DF5866F51D71E02300D052DD /* Main.storyboard */,
				DF5866F81D71E02300D052DD /* Assets.xcassets */,
				DF5866FA1D71E02300D052DD /* LaunchScreen.storyboard */,
				DF5866FD1D71E02300D052DD /* Info.plist */,
				DF5866EC1D71E02300D052DD /* Supporting Files */,
			);
			path = tomCat;
			sourceTree = "<group>";
		};
		DF5866EC1D71E02300D052DD /* Supporting Files */ = {
			isa = PBXGroup;
			children = (
				DF5866ED1D71E02300D052DD /* main.m */,
				DF1BE43F1D9CC11100008BB8 /* STShopView.h */,
				DF1BE4401D9CC11100008BB8 /* STShopView.m */,
			);
			name = "Supporting Files";
			sourceTree = "<group>";
		};
/* End PBXGroup section */

/* Begin PBXNativeTarget section */
		DF5866E81D71E02300D052DD /* tomCat */ = {
			isa = PBXNativeTarget;
			buildConfigurationList = DF5867001D71E02300D052DD /* Build configuration list for PBXNativeTarget "tomCat" */;
			buildPhases = (
				DF5866E51D71E02300D052DD /* Sources */,
				DF5866E61D71E02300D052DD /* Frameworks */,
				DF5866E71D71E02300D052DD /* Resources */,
			);
			buildRules = (
			);
			dependencies = (
			);
			name = tomCat;
			productName = tomCat;
			productReference = DF5866E91D71E02300D052DD /* tomCat.app */;
			productType = "com.apple.product-type.application";
		};
/* End PBXNativeTarget section */

/* Begin PBXProject section */
		DF5866E11D71E02300D052DD /* Project object */ = {
			isa = PBXProject;
			attributes = {
				CLASSPREFIX = ST;
				LastUpgradeCheck = 0730;
				ORGANIZATIONNAME = study;
				TargetAttributes = {
					DF5866E81D71E02300D052DD = {
						CreatedOnToolsVersion = 7.3.1;
						DevelopmentTeam = PD69ME9EQ3;
					};
				};
			};
			buildConfigurationList = DF5866E41D71E02300D052DD /* Build configuration list for PBXProject "tomCat" */;
			compatibilityVersion = "Xcode 3.2";
			developmentRegion = English;
			hasScannedForEncodings = 0;
			knownRegions = (
				en,
				Base,
			);
			mainGroup = DF5866E01D71E02300D052DD;
			productRefGroup = DF5866EA1D71E02300D052DD /* Products */;
			projectDirPath = "";
			projectRoot = "";
			targets = (
				DF5866E81D71E02300D052DD /* tomCat */,
			);
		};
/* End PBXProject section */

/* Begin PBXResourcesBuildPhase section */
		DF5866E71D71E02300D052DD /* Resources */ = {
			isa = PBXResourcesBuildPhase;
			buildActionMask = 2147483647;
			files = (
				DF5866FC1D71E02300D052DD /* LaunchScreen.storyboard in Resources */,
				DF5866F91D71E02300D052DD /* Assets.xcassets in Resources */,
				DF5866F71D71E02300D052DD /* Main.storyboard in Resources */,
			);
			runOnlyForDeploymentPostprocessing = 0;
		};
/* End PBXResourcesBuildPhase section */

/* Begin PBXSourcesBuildPhase section */
		DF5866E51D71E02300D052DD /* Sources */ = {
			isa = PBXSourcesBuildPhase;
			buildActionMask = 2147483647;
			files = (
				DF1BE43E1D9CB5F800008BB8 /* STViewController.m in Sources */,
				DF5866F11D71E02300D052DD /* AppDelegate.m in Sources */,
				DF5866EE1D71E02300D052DD /* main.m in Sources */,
				DF1BE4411D9CC11100008BB8 /* STShopView.m in Sources */,
			);
			runOnlyForDeploymentPostprocessing = 0;
		};
/* End PBXSourcesBuildPhase section */

/* Begin PBXVariantGroup section */
		DF5866F51D71E02300D052DD /* Main.storyboard */ = {
			isa = PBXVariantGroup;
			children = (
				DF5866F61D71E02300D052DD /* Base */,
			);
			name = Main.storyboard;
			sourceTree = "<group>";
		};
		DF5866FA1D71E02300D052DD /* LaunchScreen.storyboard */ = {
			isa = PBXVariantGroup;
			children = (
				DF5866FB1D71E02300D052DD /* Base */,
			);
			name = LaunchScreen.storyboard;
			sourceTree = "<group>";
		};
/* End PBXVariantGroup section */

/* Begin XCBuildConfiguration section */
		DF5866FE1D71E02300D052DD /* Debug */ = {
			isa = XCBuildConfiguration;
			buildSettings = {
				ALWAYS_SEARCH_USER_PATHS = NO;
				CLANG_ANALYZER_NONNULL = YES;
				CLANG_CXX_LANGUAGE_STANDARD = "gnu++0x";
				CLANG_CXX_LIBRARY = "libc++";
				CLANG_ENABLE_MODULES = YES;
				CLANG_ENABLE_OBJC_ARC = YES;
				CLANG_WARN_BOOL_CONVERSION = YES;
				CLANG_WARN_CONSTANT_CONVERSION = YES;
				CLANG_WARN_DIRECT_OBJC_ISA_USAGE = YES_ERROR;
				CLANG_WARN_EMPTY_BODY = YES;
				CLANG_WARN_ENUM_CONVERSION = YES;
				CLANG_WARN_INT_CONVERSION = YES;
				CLANG_WARN_OBJC_ROOT_CLASS = YES_ERROR;
				CLANG_WARN_UNREACHABLE_CODE = YES;
				CLANG_WARN__DUPLICATE_METHOD_MATCH = YES;
				"CODE_SIGN_IDENTITY[sdk=iphoneos*]" = "iPhone Developer";
				COPY_PHASE_STRIP = NO;
				DEBUG_INFORMATION_FORMAT = dwarf;
				ENABLE_STRICT_OBJC_MSGSEND = YES;
				ENABLE_TESTABILITY = YES;
				GCC_C_LANGUAGE_STANDARD = gnu99;
				GCC_DYNAMIC_NO_PIC = NO;
				GCC_NO_COMMON_BLOCKS = YES;
				GCC_OPTIMIZATION_LEVEL = 0;
				GCC_PREPROCESSOR_DEFINITIONS = (
					"DEBUG=1",
					"$(inherited)",
				);
				GCC_WARN_64_TO_32_BIT_CONVERSION = YES;
				GCC_WARN_ABOUT_RETURN_TYPE = YES_ERROR;
				GCC_WARN_UNDECLARED_SELECTOR = YES;
				GCC_WARN_UNINITIALIZED_AUTOS = YES_AGGRESSIVE;
				GCC_WARN_UNUSED_FUNCTION = YES;
				GCC_WARN_UNUSED_VARIABLE = YES;
				IPHONEOS_DEPLOYMENT_TARGET = 6.0;
				MTL_ENABLE_DEBUG_INFO = YES;
				ONLY_ACTIVE_ARCH = YES;
				SDKROOT = iphoneos;
			};
			name = Debug;
		};
		DF5866FF1D71E02300D052DD /* Release */ = {
			isa = XCBuildConfiguration;
			buildSettings = {
				ALWAYS_SEARCH_USER_PATHS = NO;
				CLANG_ANALYZER_NONNULL = YES;
				CLANG_CXX_LANGUAGE_STANDARD = "gnu++0x";
				CLANG_CXX_LIBRARY = "libc++";
				CLANG_ENABLE_MODULES = YES;
				CLANG_ENABLE_OBJC_ARC = YES;
				CLANG_WARN_BOOL_CONVERSION = YES;
				CLANG_WARN_CONSTANT_CONVERSION = YES;
				CLANG_WARN_DIRECT_OBJC_ISA_USAGE = YES_ERROR;
				CLANG_WARN_EMPTY_BODY = YES;
				CLANG_WARN_ENUM_CONVERSION = YES;
				CLANG_WARN_INT_CONVERSION = YES;
				CLANG_WARN_OBJC_ROOT_CLASS = YES_ERROR;
				CLANG_WARN_UNREACHABLE_CODE = YES;
				CLANG_WARN__DUPLICATE_METHOD_MATCH = YES;
				"CODE_SIGN_IDENTITY[sdk=iphoneos*]" = "iPhone Developer";
				COPY_PHASE_STRIP = NO;
				DEBUG_INFORMATION_FORMAT = "dwarf-with-dsym";
				ENABLE_NS_ASSERTIONS = NO;
				ENABLE_STRICT_OBJC_MSGSEND = YES;
				GCC_C_LANGUAGE_STANDARD = gnu99;
				GCC_NO_COMMON_BLOCKS = YES;
				GCC_WARN_64_TO_32_BIT_CONVERSION = YES;
				GCC_WARN_ABOUT_RETURN_TYPE = YES_ERROR;
				GCC_WARN_UNDECLARED_SELECTOR = YES;
				GCC_WARN_UNINITIALIZED_AUTOS = YES_AGGRESSIVE;
				GCC_WARN_UNUSED_FUNCTION = YES;
				GCC_WARN_UNUSED_VARIABLE = YES;
				IPHONEOS_DEPLOYMENT_TARGET = 6.0;
				MTL_ENABLE_DEBUG_INFO = NO;
				SDKROOT = iphoneos;
				VALIDATE_PRODUCT = YES;
			};
			name = Release;
		};
		DF5867011D71E02300D052DD /* Debug */ = {
			isa = XCBuildConfiguration;
			buildSettings = {
				ASSETCATALOG_COMPILER_APPICON_NAME = AppIcon;
				INFOPLIST_FILE = tomCat/Info.plist;
				IPHONEOS_DEPLOYMENT_TARGET = 6.0;
				LD_RUNPATH_SEARCH_PATHS = "$(inherited) @executable_path/Frameworks";
				PRODUCT_BUNDLE_IDENTIFIER = com.study.tomCat2;
				PRODUCT_NAME = "$(TARGET_NAME)";
			};
			name = Debug;
		};
		DF5867021D71E02300D052DD /* Release */ = {
			isa = XCBuildConfiguration;
			buildSettings = {
				ASSETCATALOG_COMPILER_APPICON_NAME = AppIcon;
				INFOPLIST_FILE = tomCat/Info.plist;
				IPHONEOS_DEPLOYMENT_TARGET = 6.0;
				LD_RUNPATH_SEARCH_PATHS = "$(inherited) @executable_path/Frameworks";
				PRODUCT_BUNDLE_IDENTIFIER = com.study.tomCat2;
				PRODUCT_NAME = "$(TARGET_NAME)";
			};
			name = Release;
		};
/* End XCBuildConfiguration section */

/* Begin XCConfigurationList section */
		DF5866E41D71E02300D052DD /* Build configuration list for PBXProject "tomCat" */ = {
			isa = XCConfigurationList;
			buildConfigurations = (
				DF5866FE1D71E02300D052DD /* Debug */,
				DF5866FF1D71E02300D052DD /* Release */,
			);
			defaultConfigurationIsVisible = 0;
			defaultConfigurationName = Release;
		};
		DF5867001D71E02300D052DD /* Build configuration list for PBXNativeTarget "tomCat" */ = {
			isa = XCConfigurationList;
			buildConfigurations = (
				DF5867011D71E02300D052DD /* Debug */,
				DF5867021D71E02300D052DD /* Release */,
			);
			defaultConfigurationIsVisible = 0;
			defaultConfigurationName = Release;
		};
/* End XCConfigurationList section */
	};
	rootObject = DF5866E11D71E02300D052DD /* Project object */;
}
